run 1 2026-10-04T22:36:17Z "IOConsoleLocked" = No
run 2 2026-10-04T22:36:23Z "IOConsoleLocked" = No
run 3 2026-10-04T22:36:30Z "IOConsoleLocked" = No
run 4 2026-10-04T22:36:36Z "IOConsoleLocked" = No
run 5 2026-10-04T22:36:43Z "IOConsoleLocked" = No
run 6 2026-10-04T22:36:49Z "IOConsoleLocked" = No
run 7 2026-10-04T22:36:56Z "IOConsoleLocked" = No
run 8 2026-10-04T22:37:02Z "IOConsoleLocked" = No
run 9 2026-10-04T22:37:08Z "IOConsoleLocked" = No
run 10 2026-10-04T22:37:15Z "IOConsoleLocked" = No
run 11 2026-10-04T22:37:21Z "IOConsoleLocked" = No
run 12 2026-10-04T22:37:28Z "IOConsoleLocked" = No
run 13 2026-10-04T22:37:34Z "IOConsoleLocked" = No
run 14 2026-10-04T22:37:41Z "IOConsoleLocked" = No
run 15 2026-10-04T22:37:47Z "IOConsoleLocked" = No
run 16 2026-10-04T22:37:54Z "IOConsoleLocked" = No
run 17 2026-10-04T22:38:00Z "IOConsoleLocked" = No
run 18 2026-10-04T22:38:06Z "IOConsoleLocked" = No
run 19 2026-10-04T22:38:13Z "IOConsoleLocked" = No
run 20 2026-10-04T22:38:19Z "IOConsoleLocked" = No
